
Microsoft Visual Studio Solution File, Format Version 12.00
# Visual Studio Version 17
VisualStudioVersion = 17.8.34322.80
MinimumVisualStudioVersion = 10.0.40219.1
Project("{FAE04EC0-301F-11D3-BF4B-00C04F79EFBC}") = "AdventOfCode2023", "AdventOfCode2023.csproj", "{2BD09CD3-722F-4734-8988-89F944A429B2}"
EndProject
Global
	GlobalSection(SolutionConfigurationPlatforms) = preSolution
		Debug|Any CPU = Debug|Any CPU
		Release|Any CPU = Release|Any CPU
	EndGlobalSection
	GlobalSection(ProjectConfigurationPlatforms) = postSolution
		{2BD09CD3-722F-4734-8988-89F944A429B2}.Debug|Any CPU.ActiveCfg = Debug|Any CPU
		{2BD09CD3-722F-4734-8988-89F944A429B2}.Debug|Any CPU.Build.0 = Debug|Any CPU
		{2BD09CD3-722F-4734-8988-89F944A429B2}.Release|Any CPU.ActiveCfg = Release|Any CPU
		{2BD09CD3-722F-4734-8988-89F944A429B2}.Release|Any CPU.Build.0 = Release|Any CPU
	EndGlobalSection
	GlobalSection(SolutionProperties) = preSolution
		HideSolutionNode = FALSE
	EndGlobalSection
	GlobalSection(ExtensibilityGlobals) = postSolution
		SolutionGuid = {B0C03741-01F2-42A0-AFEE-E2C0B8A4264D}
	EndGlobalSection
EndGlobal
